
Microsoft Visual Studio Solution File, Format Version 12.00
# Visual Studio Version 17
VisualStudioVersion = 17.0.31903.59
MinimumVisualStudioVersion = 10.0.40219.1
Project("{F2A71F9B-5D33-465A-A702-920D77279786}") = "Lesson08-Capstone1", "Lesson08-Capstone1\Lesson08-Capstone1.fsproj", "{A2D30F0F-3E0F-4653-83B4-4F6DF5A843AA}"
EndProject
Global
	GlobalSection(SolutionConfigurationPlatforms) = preSolution
		Debug|Any CPU = Debug|Any CPU
		Release|Any CPU = Release|Any CPU
	EndGlobalSection
	GlobalSection(ProjectConfigurationPlatforms) = postSolution
		{A2D30F0F-3E0F-4653-83B4-4F6DF5A843AA}.Debug|Any CPU.ActiveCfg = Debug|Any CPU
		{A2D30F0F-3E0F-4653-83B4-4F6DF5A843AA}.Debug|Any CPU.Build.0 = Debug|Any CPU
		{A2D30F0F-3E0F-4653-83B4-4F6DF5A843AA}.Release|Any CPU.ActiveCfg = Release|Any CPU
		{A2D30F0F-3E0F-4653-83B4-4F6DF5A843AA}.Release|Any CPU.Build.0 = Release|Any CPU
	EndGlobalSection
	GlobalSection(SolutionProperties) = preSolution
		HideSolutionNode = FALSE
	EndGlobalSection
	GlobalSection(ExtensibilityGlobals) = postSolution
		SolutionGuid = {0D67AF8E-BC0D-4A77-BA02-5057854F2F99}
	EndGlobalSection
EndGlobal
