
Microsoft Visual Studio Solution File, Format Version 12.00
# Visual Studio Version 17
VisualStudioVersion = 17.0.31903.59
MinimumVisualStudioVersion = 10.0.40219.1
Project("{F2A71F9B-5D33-465A-A702-920D77279786}") = "MyApplication", "MyFirstFSharpApp\MyApplication.fsproj", "{F314A388-5D92-4D98-BBDB-DA76D3B9AE9D}"
EndProject
Global
	GlobalSection(SolutionConfigurationPlatforms) = preSolution
		Debug|Any CPU = Debug|Any CPU
		Release|Any CPU = Release|Any CPU
	EndGlobalSection
	GlobalSection(ProjectConfigurationPlatforms) = postSolution
		{F314A388-5D92-4D98-BBDB-DA76D3B9AE9D}.Debug|Any CPU.ActiveCfg = Debug|Any CPU
		{F314A388-5D92-4D98-BBDB-DA76D3B9AE9D}.Debug|Any CPU.Build.0 = Debug|Any CPU
		{F314A388-5D92-4D98-BBDB-DA76D3B9AE9D}.Release|Any CPU.ActiveCfg = Release|Any CPU
		{F314A388-5D92-4D98-BBDB-DA76D3B9AE9D}.Release|Any CPU.Build.0 = Release|Any CPU
	EndGlobalSection
	GlobalSection(SolutionProperties) = preSolution
		HideSolutionNode = FALSE
	EndGlobalSection
	GlobalSection(ExtensibilityGlobals) = postSolution
		SolutionGuid = {2DB4F6B8-1C2F-49EE-8756-138470C9BF0D}
	EndGlobalSection
EndGlobal
