
Microsoft Visual Studio Solution File, Format Version 12.00
# Visual Studio Version 17
VisualStudioVersion = 17.0.31903.59
MinimumVisualStudioVersion = 10.0.40219.1
Project("{F2A71F9B-5D33-465A-A702-920D77279786}") = "Lesson15", "Lesson15\Lesson15.fsproj", "{4CB42EA1-DCF7-49F3-B905-E8426CEB43DF}"
EndProject
Global
	GlobalSection(SolutionConfigurationPlatforms) = preSolution
		Debug|Any CPU = Debug|Any CPU
		Release|Any CPU = Release|Any CPU
	EndGlobalSection
	GlobalSection(ProjectConfigurationPlatforms) = postSolution
		{4CB42EA1-DCF7-49F3-B905-E8426CEB43DF}.Debug|Any CPU.ActiveCfg = Debug|Any CPU
		{4CB42EA1-DCF7-49F3-B905-E8426CEB43DF}.Debug|Any CPU.Build.0 = Debug|Any CPU
		{4CB42EA1-DCF7-49F3-B905-E8426CEB43DF}.Release|Any CPU.ActiveCfg = Release|Any CPU
		{4CB42EA1-DCF7-49F3-B905-E8426CEB43DF}.Release|Any CPU.Build.0 = Release|Any CPU
	EndGlobalSection
	GlobalSection(SolutionProperties) = preSolution
		HideSolutionNode = FALSE
	EndGlobalSection
	GlobalSection(ExtensibilityGlobals) = postSolution
		SolutionGuid = {9F162123-F0B3-487A-9461-2F0C9376C3B5}
	EndGlobalSection
EndGlobal
