
Microsoft Visual Studio Solution File, Format Version 12.00
# Visual Studio Version 17
VisualStudioVersion = 17.0.31903.59
MinimumVisualStudioVersion = 10.0.40219.1
Project("{6EC3EE1D-3C4E-46DD-8F32-0CC8E7565705}") = "Chap03", "Chap03\Chap03.fsproj", "{D76404AF-C2DF-4D27-A4FF-EB2EA9182D47}"
EndProject
Project("{6EC3EE1D-3C4E-46DD-8F32-0CC8E7565705}") = "Chap04", "Chap04\Chap04.fsproj", "{1DA5724A-FC43-4BF8-BBD0-2768121E4544}"
EndProject
Project("{6EC3EE1D-3C4E-46DD-8F32-0CC8E7565705}") = "Chap05", "Chap05\Chap05.fsproj", "{4500BC82-ECAE-49C1-9250-4165743D5B55}"
EndProject
Project("{6EC3EE1D-3C4E-46DD-8F32-0CC8E7565705}") = "Chap06", "Chap06\Chap06.fsproj", "{D2FE2E2B-7311-4996-A7C9-F4E2F7ABB911}"
EndProject
Project("{6EC3EE1D-3C4E-46DD-8F32-0CC8E7565705}") = "Chap07", "Chap07\Chap07.fsproj", "{B11BEEA6-6CE5-4EFE-BAD8-60DF4DF2A903}"
EndProject
Project("{6EC3EE1D-3C4E-46DD-8F32-0CC8E7565705}") = "Chap08ConsoleApp1", "Chap08ConsoleApp1\Chap08ConsoleApp1.fsproj", "{AD726847-8662-4CE9-BDC3-41B9676D7D70}"
EndProject
Project("{6EC3EE1D-3C4E-46DD-8F32-0CC8E7565705}") = "Chap08ConsoleApp2", "Chap08ConsoleApp2\Chap08ConsoleApp2.fsproj", "{B1C4706A-4C04-49FE-B6F5-A01AD34C8427}"
EndProject
Project("{6EC3EE1D-3C4E-46DD-8F32-0CC8E7565705}") = "Chap08FSI", "Chap08FSI\Chap08FSI.fsproj", "{2C052D03-C11C-4A7A-A5B7-834A8704CA12}"
EndProject
Project("{6EC3EE1D-3C4E-46DD-8F32-0CC8E7565705}") = "Chap08ConsoleApp3", "Chap08ConsoleApp3\Chap08ConsoleApp3.fsproj", "{6004B23C-79D2-4D45-AF69-9C454D47C59F}"
EndProject
Project("{6EC3EE1D-3C4E-46DD-8F32-0CC8E7565705}") = "Chap08ConsoleApp5", "Chap08ConsoleApp5\Chap08ConsoleApp5.fsproj", "{D86CC3E4-2242-4B75-86FA-CEE525F09DEA}"
EndProject
Project("{6EC3EE1D-3C4E-46DD-8F32-0CC8E7565705}") = "Chap08ConsoleApp6", "Chap08ConsoleApp6\Chap08ConsoleApp6.fsproj", "{DA9D98F0-0088-42FC-A8A0-395E3CF38D54}"
EndProject
Project("{F2A71F9B-5D33-465A-A702-920D77279786}") = "Chap09", "Chap09\Chap09.fsproj", "{5E4BA09F-74AD-4C16-BA34-0DF0FB633D6E}"
EndProject
Project("{F2A71F9B-5D33-465A-A702-920D77279786}") = "Chap09Reactive", "Chap09Reactive\Chap09Reactive.fsproj", "{2C227DDE-9C22-42FA-B9B9-61B2A62EE13D}"
EndProject
Global
	GlobalSection(SolutionConfigurationPlatforms) = preSolution
		Debug|Any CPU = Debug|Any CPU
		Debug|x64 = Debug|x64
		Debug|x86 = Debug|x86
		Release|Any CPU = Release|Any CPU
		Release|x64 = Release|x64
		Release|x86 = Release|x86
	EndGlobalSection
	GlobalSection(ProjectConfigurationPlatforms) = postSolution
		{D76404AF-C2DF-4D27-A4FF-EB2EA9182D47}.Debug|Any CPU.ActiveCfg = Debug|Any CPU
		{D76404AF-C2DF-4D27-A4FF-EB2EA9182D47}.Debug|Any CPU.Build.0 = Debug|Any CPU
		{D76404AF-C2DF-4D27-A4FF-EB2EA9182D47}.Debug|x64.ActiveCfg = Debug|Any CPU
		{D76404AF-C2DF-4D27-A4FF-EB2EA9182D47}.Debug|x64.Build.0 = Debug|Any CPU
		{D76404AF-C2DF-4D27-A4FF-EB2EA9182D47}.Debug|x86.ActiveCfg = Debug|Any CPU
		{D76404AF-C2DF-4D27-A4FF-EB2EA9182D47}.Debug|x86.Build.0 = Debug|Any CPU
		{D76404AF-C2DF-4D27-A4FF-EB2EA9182D47}.Release|Any CPU.ActiveCfg = Release|Any CPU
		{D76404AF-C2DF-4D27-A4FF-EB2EA9182D47}.Release|Any CPU.Build.0 = Release|Any CPU
		{D76404AF-C2DF-4D27-A4FF-EB2EA9182D47}.Release|x64.ActiveCfg = Release|Any CPU
		{D76404AF-C2DF-4D27-A4FF-EB2EA9182D47}.Release|x64.Build.0 = Release|Any CPU
		{D76404AF-C2DF-4D27-A4FF-EB2EA9182D47}.Release|x86.ActiveCfg = Release|Any CPU
		{D76404AF-C2DF-4D27-A4FF-EB2EA9182D47}.Release|x86.Build.0 = Release|Any CPU
		{1DA5724A-FC43-4BF8-BBD0-2768121E4544}.Debug|Any CPU.ActiveCfg = Debug|Any CPU
		{1DA5724A-FC43-4BF8-BBD0-2768121E4544}.Debug|Any CPU.Build.0 = Debug|Any CPU
		{1DA5724A-FC43-4BF8-BBD0-2768121E4544}.Debug|x64.ActiveCfg = Debug|Any CPU
		{1DA5724A-FC43-4BF8-BBD0-2768121E4544}.Debug|x64.Build.0 = Debug|Any CPU
		{1DA5724A-FC43-4BF8-BBD0-2768121E4544}.Debug|x86.ActiveCfg = Debug|Any CPU
		{1DA5724A-FC43-4BF8-BBD0-2768121E4544}.Debug|x86.Build.0 = Debug|Any CPU
		{1DA5724A-FC43-4BF8-BBD0-2768121E4544}.Release|Any CPU.ActiveCfg = Release|Any CPU
		{1DA5724A-FC43-4BF8-BBD0-2768121E4544}.Release|Any CPU.Build.0 = Release|Any CPU
		{1DA5724A-FC43-4BF8-BBD0-2768121E4544}.Release|x64.ActiveCfg = Release|Any CPU
		{1DA5724A-FC43-4BF8-BBD0-2768121E4544}.Release|x64.Build.0 = Release|Any CPU
		{1DA5724A-FC43-4BF8-BBD0-2768121E4544}.Release|x86.ActiveCfg = Release|Any CPU
		{1DA5724A-FC43-4BF8-BBD0-2768121E4544}.Release|x86.Build.0 = Release|Any CPU
		{4500BC82-ECAE-49C1-9250-4165743D5B55}.Debug|Any CPU.ActiveCfg = Debug|Any CPU
		{4500BC82-ECAE-49C1-9250-4165743D5B55}.Debug|Any CPU.Build.0 = Debug|Any CPU
		{4500BC82-ECAE-49C1-9250-4165743D5B55}.Debug|x64.ActiveCfg = Debug|Any CPU
		{4500BC82-ECAE-49C1-9250-4165743D5B55}.Debug|x64.Build.0 = Debug|Any CPU
		{4500BC82-ECAE-49C1-9250-4165743D5B55}.Debug|x86.ActiveCfg = Debug|Any CPU
		{4500BC82-ECAE-49C1-9250-4165743D5B55}.Debug|x86.Build.0 = Debug|Any CPU
		{4500BC82-ECAE-49C1-9250-4165743D5B55}.Release|Any CPU.ActiveCfg = Release|Any CPU
		{4500BC82-ECAE-49C1-9250-4165743D5B55}.Release|Any CPU.Build.0 = Release|Any CPU
		{4500BC82-ECAE-49C1-9250-4165743D5B55}.Release|x64.ActiveCfg = Release|Any CPU
		{4500BC82-ECAE-49C1-9250-4165743D5B55}.Release|x64.Build.0 = Release|Any CPU
		{4500BC82-ECAE-49C1-9250-4165743D5B55}.Release|x86.ActiveCfg = Release|Any CPU
		{4500BC82-ECAE-49C1-9250-4165743D5B55}.Release|x86.Build.0 = Release|Any CPU
		{D2FE2E2B-7311-4996-A7C9-F4E2F7ABB911}.Debug|Any CPU.ActiveCfg = Debug|Any CPU
		{D2FE2E2B-7311-4996-A7C9-F4E2F7ABB911}.Debug|Any CPU.Build.0 = Debug|Any CPU
		{D2FE2E2B-7311-4996-A7C9-F4E2F7ABB911}.Debug|x64.ActiveCfg = Debug|Any CPU
		{D2FE2E2B-7311-4996-A7C9-F4E2F7ABB911}.Debug|x64.Build.0 = Debug|Any CPU
		{D2FE2E2B-7311-4996-A7C9-F4E2F7ABB911}.Debug|x86.ActiveCfg = Debug|Any CPU
		{D2FE2E2B-7311-4996-A7C9-F4E2F7ABB911}.Debug|x86.Build.0 = Debug|Any CPU
		{D2FE2E2B-7311-4996-A7C9-F4E2F7ABB911}.Release|Any CPU.ActiveCfg = Release|Any CPU
		{D2FE2E2B-7311-4996-A7C9-F4E2F7ABB911}.Release|Any CPU.Build.0 = Release|Any CPU
		{D2FE2E2B-7311-4996-A7C9-F4E2F7ABB911}.Release|x64.ActiveCfg = Release|Any CPU
		{D2FE2E2B-7311-4996-A7C9-F4E2F7ABB911}.Release|x64.Build.0 = Release|Any CPU
		{D2FE2E2B-7311-4996-A7C9-F4E2F7ABB911}.Release|x86.ActiveCfg = Release|Any CPU
		{D2FE2E2B-7311-4996-A7C9-F4E2F7ABB911}.Release|x86.Build.0 = Release|Any CPU
		{B11BEEA6-6CE5-4EFE-BAD8-60DF4DF2A903}.Debug|Any CPU.ActiveCfg = Debug|Any CPU
		{B11BEEA6-6CE5-4EFE-BAD8-60DF4DF2A903}.Debug|Any CPU.Build.0 = Debug|Any CPU
		{B11BEEA6-6CE5-4EFE-BAD8-60DF4DF2A903}.Debug|x64.ActiveCfg = Debug|Any CPU
		{B11BEEA6-6CE5-4EFE-BAD8-60DF4DF2A903}.Debug|x64.Build.0 = Debug|Any CPU
		{B11BEEA6-6CE5-4EFE-BAD8-60DF4DF2A903}.Debug|x86.ActiveCfg = Debug|Any CPU
		{B11BEEA6-6CE5-4EFE-BAD8-60DF4DF2A903}.Debug|x86.Build.0 = Debug|Any CPU
		{B11BEEA6-6CE5-4EFE-BAD8-60DF4DF2A903}.Release|Any CPU.ActiveCfg = Release|Any CPU
		{B11BEEA6-6CE5-4EFE-BAD8-60DF4DF2A903}.Release|Any CPU.Build.0 = Release|Any CPU
		{B11BEEA6-6CE5-4EFE-BAD8-60DF4DF2A903}.Release|x64.ActiveCfg = Release|Any CPU
		{B11BEEA6-6CE5-4EFE-BAD8-60DF4DF2A903}.Release|x64.Build.0 = Release|Any CPU
		{B11BEEA6-6CE5-4EFE-BAD8-60DF4DF2A903}.Release|x86.ActiveCfg = Release|Any CPU
		{B11BEEA6-6CE5-4EFE-BAD8-60DF4DF2A903}.Release|x86.Build.0 = Release|Any CPU
		{AD726847-8662-4CE9-BDC3-41B9676D7D70}.Debug|Any CPU.ActiveCfg = Debug|Any CPU
		{AD726847-8662-4CE9-BDC3-41B9676D7D70}.Debug|Any CPU.Build.0 = Debug|Any CPU
		{AD726847-8662-4CE9-BDC3-41B9676D7D70}.Debug|x64.ActiveCfg = Debug|Any CPU
		{AD726847-8662-4CE9-BDC3-41B9676D7D70}.Debug|x64.Build.0 = Debug|Any CPU
		{AD726847-8662-4CE9-BDC3-41B9676D7D70}.Debug|x86.ActiveCfg = Debug|Any CPU
		{AD726847-8662-4CE9-BDC3-41B9676D7D70}.Debug|x86.Build.0 = Debug|Any CPU
		{AD726847-8662-4CE9-BDC3-41B9676D7D70}.Release|Any CPU.ActiveCfg = Release|Any CPU
		{AD726847-8662-4CE9-BDC3-41B9676D7D70}.Release|Any CPU.Build.0 = Release|Any CPU
		{AD726847-8662-4CE9-BDC3-41B9676D7D70}.Release|x64.ActiveCfg = Release|Any CPU
		{AD726847-8662-4CE9-BDC3-41B9676D7D70}.Release|x64.Build.0 = Release|Any CPU
		{AD726847-8662-4CE9-BDC3-41B9676D7D70}.Release|x86.ActiveCfg = Release|Any CPU
		{AD726847-8662-4CE9-BDC3-41B9676D7D70}.Release|x86.Build.0 = Release|Any CPU
		{B1C4706A-4C04-49FE-B6F5-A01AD34C8427}.Debug|Any CPU.ActiveCfg = Debug|Any CPU
		{B1C4706A-4C04-49FE-B6F5-A01AD34C8427}.Debug|Any CPU.Build.0 = Debug|Any CPU
		{B1C4706A-4C04-49FE-B6F5-A01AD34C8427}.Debug|x64.ActiveCfg = Debug|Any CPU
		{B1C4706A-4C04-49FE-B6F5-A01AD34C8427}.Debug|x64.Build.0 = Debug|Any CPU
		{B1C4706A-4C04-49FE-B6F5-A01AD34C8427}.Debug|x86.ActiveCfg = Debug|Any CPU
		{B1C4706A-4C04-49FE-B6F5-A01AD34C8427}.Debug|x86.Build.0 = Debug|Any CPU
		{B1C4706A-4C04-49FE-B6F5-A01AD34C8427}.Release|Any CPU.ActiveCfg = Release|Any CPU
		{B1C4706A-4C04-49FE-B6F5-A01AD34C8427}.Release|Any CPU.Build.0 = Release|Any CPU
		{B1C4706A-4C04-49FE-B6F5-A01AD34C8427}.Release|x64.ActiveCfg = Release|Any CPU
		{B1C4706A-4C04-49FE-B6F5-A01AD34C8427}.Release|x64.Build.0 = Release|Any CPU
		{B1C4706A-4C04-49FE-B6F5-A01AD34C8427}.Release|x86.ActiveCfg = Release|Any CPU
		{B1C4706A-4C04-49FE-B6F5-A01AD34C8427}.Release|x86.Build.0 = Release|Any CPU
		{2C052D03-C11C-4A7A-A5B7-834A8704CA12}.Debug|Any CPU.ActiveCfg = Debug|Any CPU
		{2C052D03-C11C-4A7A-A5B7-834A8704CA12}.Debug|Any CPU.Build.0 = Debug|Any CPU
		{2C052D03-C11C-4A7A-A5B7-834A8704CA12}.Debug|x64.ActiveCfg = Debug|Any CPU
		{2C052D03-C11C-4A7A-A5B7-834A8704CA12}.Debug|x64.Build.0 = Debug|Any CPU
		{2C052D03-C11C-4A7A-A5B7-834A8704CA12}.Debug|x86.ActiveCfg = Debug|Any CPU
		{2C052D03-C11C-4A7A-A5B7-834A8704CA12}.Debug|x86.Build.0 = Debug|Any CPU
		{2C052D03-C11C-4A7A-A5B7-834A8704CA12}.Release|Any CPU.ActiveCfg = Release|Any CPU
		{2C052D03-C11C-4A7A-A5B7-834A8704CA12}.Release|Any CPU.Build.0 = Release|Any CPU
		{2C052D03-C11C-4A7A-A5B7-834A8704CA12}.Release|x64.ActiveCfg = Release|Any CPU
		{2C052D03-C11C-4A7A-A5B7-834A8704CA12}.Release|x64.Build.0 = Release|Any CPU
		{2C052D03-C11C-4A7A-A5B7-834A8704CA12}.Release|x86.ActiveCfg = Release|Any CPU
		{2C052D03-C11C-4A7A-A5B7-834A8704CA12}.Release|x86.Build.0 = Release|Any CPU
		{6004B23C-79D2-4D45-AF69-9C454D47C59F}.Debug|Any CPU.ActiveCfg = Debug|Any CPU
		{6004B23C-79D2-4D45-AF69-9C454D47C59F}.Debug|Any CPU.Build.0 = Debug|Any CPU
		{6004B23C-79D2-4D45-AF69-9C454D47C59F}.Debug|x64.ActiveCfg = Debug|Any CPU
		{6004B23C-79D2-4D45-AF69-9C454D47C59F}.Debug|x64.Build.0 = Debug|Any CPU
		{6004B23C-79D2-4D45-AF69-9C454D47C59F}.Debug|x86.ActiveCfg = Debug|Any CPU
		{6004B23C-79D2-4D45-AF69-9C454D47C59F}.Debug|x86.Build.0 = Debug|Any CPU
		{6004B23C-79D2-4D45-AF69-9C454D47C59F}.Release|Any CPU.ActiveCfg = Release|Any CPU
		{6004B23C-79D2-4D45-AF69-9C454D47C59F}.Release|Any CPU.Build.0 = Release|Any CPU
		{6004B23C-79D2-4D45-AF69-9C454D47C59F}.Release|x64.ActiveCfg = Release|Any CPU
		{6004B23C-79D2-4D45-AF69-9C454D47C59F}.Release|x64.Build.0 = Release|Any CPU
		{6004B23C-79D2-4D45-AF69-9C454D47C59F}.Release|x86.ActiveCfg = Release|Any CPU
		{6004B23C-79D2-4D45-AF69-9C454D47C59F}.Release|x86.Build.0 = Release|Any CPU
		{D86CC3E4-2242-4B75-86FA-CEE525F09DEA}.Debug|Any CPU.ActiveCfg = Debug|Any CPU
		{D86CC3E4-2242-4B75-86FA-CEE525F09DEA}.Debug|Any CPU.Build.0 = Debug|Any CPU
		{D86CC3E4-2242-4B75-86FA-CEE525F09DEA}.Debug|x64.ActiveCfg = Debug|Any CPU
		{D86CC3E4-2242-4B75-86FA-CEE525F09DEA}.Debug|x64.Build.0 = Debug|Any CPU
		{D86CC3E4-2242-4B75-86FA-CEE525F09DEA}.Debug|x86.ActiveCfg = Debug|Any CPU
		{D86CC3E4-2242-4B75-86FA-CEE525F09DEA}.Debug|x86.Build.0 = Debug|Any CPU
		{D86CC3E4-2242-4B75-86FA-CEE525F09DEA}.Release|Any CPU.ActiveCfg = Release|Any CPU
		{D86CC3E4-2242-4B75-86FA-CEE525F09DEA}.Release|Any CPU.Build.0 = Release|Any CPU
		{D86CC3E4-2242-4B75-86FA-CEE525F09DEA}.Release|x64.ActiveCfg = Release|Any CPU
		{D86CC3E4-2242-4B75-86FA-CEE525F09DEA}.Release|x64.Build.0 = Release|Any CPU
		{D86CC3E4-2242-4B75-86FA-CEE525F09DEA}.Release|x86.ActiveCfg = Release|Any CPU
		{D86CC3E4-2242-4B75-86FA-CEE525F09DEA}.Release|x86.Build.0 = Release|Any CPU
		{DA9D98F0-0088-42FC-A8A0-395E3CF38D54}.Debug|Any CPU.ActiveCfg = Debug|Any CPU
		{DA9D98F0-0088-42FC-A8A0-395E3CF38D54}.Debug|Any CPU.Build.0 = Debug|Any CPU
		{DA9D98F0-0088-42FC-A8A0-395E3CF38D54}.Debug|x64.ActiveCfg = Debug|Any CPU
		{DA9D98F0-0088-42FC-A8A0-395E3CF38D54}.Debug|x64.Build.0 = Debug|Any CPU
		{DA9D98F0-0088-42FC-A8A0-395E3CF38D54}.Debug|x86.ActiveCfg = Debug|Any CPU
		{DA9D98F0-0088-42FC-A8A0-395E3CF38D54}.Debug|x86.Build.0 = Debug|Any CPU
		{DA9D98F0-0088-42FC-A8A0-395E3CF38D54}.Release|Any CPU.ActiveCfg = Release|Any CPU
		{DA9D98F0-0088-42FC-A8A0-395E3CF38D54}.Release|Any CPU.Build.0 = Release|Any CPU
		{DA9D98F0-0088-42FC-A8A0-395E3CF38D54}.Release|x64.ActiveCfg = Release|Any CPU
		{DA9D98F0-0088-42FC-A8A0-395E3CF38D54}.Release|x64.Build.0 = Release|Any CPU
		{DA9D98F0-0088-42FC-A8A0-395E3CF38D54}.Release|x86.ActiveCfg = Release|Any CPU
		{DA9D98F0-0088-42FC-A8A0-395E3CF38D54}.Release|x86.Build.0 = Release|Any CPU
		{5E4BA09F-74AD-4C16-BA34-0DF0FB633D6E}.Debug|Any CPU.ActiveCfg = Debug|Any CPU
		{5E4BA09F-74AD-4C16-BA34-0DF0FB633D6E}.Debug|Any CPU.Build.0 = Debug|Any CPU
		{5E4BA09F-74AD-4C16-BA34-0DF0FB633D6E}.Debug|x64.ActiveCfg = Debug|Any CPU
		{5E4BA09F-74AD-4C16-BA34-0DF0FB633D6E}.Debug|x64.Build.0 = Debug|Any CPU
		{5E4BA09F-74AD-4C16-BA34-0DF0FB633D6E}.Debug|x86.ActiveCfg = Debug|Any CPU
		{5E4BA09F-74AD-4C16-BA34-0DF0FB633D6E}.Debug|x86.Build.0 = Debug|Any CPU
		{5E4BA09F-74AD-4C16-BA34-0DF0FB633D6E}.Release|Any CPU.ActiveCfg = Release|Any CPU
		{5E4BA09F-74AD-4C16-BA34-0DF0FB633D6E}.Release|Any CPU.Build.0 = Release|Any CPU
		{5E4BA09F-74AD-4C16-BA34-0DF0FB633D6E}.Release|x64.ActiveCfg = Release|Any CPU
		{5E4BA09F-74AD-4C16-BA34-0DF0FB633D6E}.Release|x64.Build.0 = Release|Any CPU
		{5E4BA09F-74AD-4C16-BA34-0DF0FB633D6E}.Release|x86.ActiveCfg = Release|Any CPU
		{5E4BA09F-74AD-4C16-BA34-0DF0FB633D6E}.Release|x86.Build.0 = Release|Any CPU
		{2C227DDE-9C22-42FA-B9B9-61B2A62EE13D}.Debug|Any CPU.ActiveCfg = Debug|Any CPU
		{2C227DDE-9C22-42FA-B9B9-61B2A62EE13D}.Debug|Any CPU.Build.0 = Debug|Any CPU
		{2C227DDE-9C22-42FA-B9B9-61B2A62EE13D}.Debug|x64.ActiveCfg = Debug|Any CPU
		{2C227DDE-9C22-42FA-B9B9-61B2A62EE13D}.Debug|x64.Build.0 = Debug|Any CPU
		{2C227DDE-9C22-42FA-B9B9-61B2A62EE13D}.Debug|x86.ActiveCfg = Debug|Any CPU
		{2C227DDE-9C22-42FA-B9B9-61B2A62EE13D}.Debug|x86.Build.0 = Debug|Any CPU
		{2C227DDE-9C22-42FA-B9B9-61B2A62EE13D}.Release|Any CPU.ActiveCfg = Release|Any CPU
		{2C227DDE-9C22-42FA-B9B9-61B2A62EE13D}.Release|Any CPU.Build.0 = Release|Any CPU
		{2C227DDE-9C22-42FA-B9B9-61B2A62EE13D}.Release|x64.ActiveCfg = Release|Any CPU
		{2C227DDE-9C22-42FA-B9B9-61B2A62EE13D}.Release|x64.Build.0 = Release|Any CPU
		{2C227DDE-9C22-42FA-B9B9-61B2A62EE13D}.Release|x86.ActiveCfg = Release|Any CPU
		{2C227DDE-9C22-42FA-B9B9-61B2A62EE13D}.Release|x86.Build.0 = Release|Any CPU
	EndGlobalSection
	GlobalSection(SolutionProperties) = preSolution
		HideSolutionNode = FALSE
	EndGlobalSection
	GlobalSection(ExtensibilityGlobals) = postSolution
		SolutionGuid = {5D77D646-95FD-40B6-BDCD-09534D78EBAA}
	EndGlobalSection
EndGlobal
