
Microsoft Visual Studio Solution File, Format Version 12.00
# Visual Studio Version 17
VisualStudioVersion = 17.0.31903.59
MinimumVisualStudioVersion = 10.0.40219.1
Project("{F2A71F9B-5D33-465A-A702-920D77279786}") = "Capstone2", "Capstone2\Capstone2.fsproj", "{180B7065-333B-46DC-98AE-D06312B244A8}"
EndProject
Global
	GlobalSection(SolutionConfigurationPlatforms) = preSolution
		Debug|Any CPU = Debug|Any CPU
		Release|Any CPU = Release|Any CPU
	EndGlobalSection
	GlobalSection(ProjectConfigurationPlatforms) = postSolution
		{180B7065-333B-46DC-98AE-D06312B244A8}.Debug|Any CPU.ActiveCfg = Debug|Any CPU
		{180B7065-333B-46DC-98AE-D06312B244A8}.Debug|Any CPU.Build.0 = Debug|Any CPU
		{180B7065-333B-46DC-98AE-D06312B244A8}.Release|Any CPU.ActiveCfg = Release|Any CPU
		{180B7065-333B-46DC-98AE-D06312B244A8}.Release|Any CPU.Build.0 = Release|Any CPU
	EndGlobalSection
	GlobalSection(SolutionProperties) = preSolution
		HideSolutionNode = FALSE
	EndGlobalSection
	GlobalSection(ExtensibilityGlobals) = postSolution
		SolutionGuid = {D6F5AFFF-464E-4E7D-B916-C22099BCDBC5}
	EndGlobalSection
EndGlobal
