
Microsoft Visual Studio Solution File, Format Version 12.00
# Visual Studio Version 17
VisualStudioVersion = 17.0.31903.59
MinimumVisualStudioVersion = 10.0.40219.1
Project("{F2A71F9B-5D33-465A-A702-920D77279786}") = "Lesson13", "Lesson13\Lesson13.fsproj", "{32314CCC-EDED-4939-8A2E-FE1BA923359C}"
EndProject
Global
	GlobalSection(SolutionConfigurationPlatforms) = preSolution
		Debug|Any CPU = Debug|Any CPU
		Release|Any CPU = Release|Any CPU
	EndGlobalSection
	GlobalSection(ProjectConfigurationPlatforms) = postSolution
		{32314CCC-EDED-4939-8A2E-FE1BA923359C}.Debug|Any CPU.ActiveCfg = Debug|Any CPU
		{32314CCC-EDED-4939-8A2E-FE1BA923359C}.Debug|Any CPU.Build.0 = Debug|Any CPU
		{32314CCC-EDED-4939-8A2E-FE1BA923359C}.Release|Any CPU.ActiveCfg = Release|Any CPU
		{32314CCC-EDED-4939-8A2E-FE1BA923359C}.Release|Any CPU.Build.0 = Release|Any CPU
	EndGlobalSection
	GlobalSection(SolutionProperties) = preSolution
		HideSolutionNode = FALSE
	EndGlobalSection
	GlobalSection(ExtensibilityGlobals) = postSolution
		SolutionGuid = {03229D89-D412-4404-87DF-6855F8DB6383}
	EndGlobalSection
EndGlobal
