
Microsoft Visual Studio Solution File, Format Version 12.00
# Visual Studio Version 17
VisualStudioVersion = 17.0.31903.59
MinimumVisualStudioVersion = 10.0.40219.1
Project("{F2A71F9B-5D33-465A-A702-920D77279786}") = "Lesson10", "Lesson10\Lesson10.fsproj", "{768EDD0C-ED02-4316-995C-71C9C896E7E7}"
EndProject
Global
	GlobalSection(SolutionConfigurationPlatforms) = preSolution
		Debug|Any CPU = Debug|Any CPU
		Release|Any CPU = Release|Any CPU
	EndGlobalSection
	GlobalSection(ProjectConfigurationPlatforms) = postSolution
		{768EDD0C-ED02-4316-995C-71C9C896E7E7}.Debug|Any CPU.ActiveCfg = Debug|Any CPU
		{768EDD0C-ED02-4316-995C-71C9C896E7E7}.Debug|Any CPU.Build.0 = Debug|Any CPU
		{768EDD0C-ED02-4316-995C-71C9C896E7E7}.Release|Any CPU.ActiveCfg = Release|Any CPU
		{768EDD0C-ED02-4316-995C-71C9C896E7E7}.Release|Any CPU.Build.0 = Release|Any CPU
	EndGlobalSection
	GlobalSection(SolutionProperties) = preSolution
		HideSolutionNode = FALSE
	EndGlobalSection
	GlobalSection(ExtensibilityGlobals) = postSolution
		SolutionGuid = {26016EFC-2F11-4109-BDC1-F8180151A190}
	EndGlobalSection
EndGlobal
